
Microsoft Visual Studio Solution File, Format Version 12.00
# Visual Studio Version 17
VisualStudioVersion = 17.3.32922.545
MinimumVisualStudioVersion = 10.0.40219.1
Project("{9A19103F-16F7-4668-BE54-9A1E7A4F7556}") = "TrackTheGains.Domain", "TrackTheGains\TrackTheGains.Domain.csproj", "{81ED5F60-5C64-45CB-96C1-6889F806B31B}"
EndProject
Project("{9A19103F-16F7-4668-BE54-9A1E7A4F7556}") = "TrackTheGains.Infrastructure", "TrackTheGains.Infrastructure\TrackTheGains.Infrastructure.csproj", "{39DEF85D-040F-4196-BBDC-9135EEB6B64B}"
EndProject
Project("{9A19103F-16F7-4668-BE54-9A1E7A4F7556}") = "TrackTheGains.Shared", "TrackTheGains.Shared\TrackTheGains.Shared.csproj", "{0BC7EF10-7398-4DAC-9B3A-B45892210EB5}"
EndProject
Project("{2150E333-8FDC-42A3-9474-1A3956D46DE8}") = "tests", "tests", "{B69034E2-CBC7-4659-B588-2A276F3AE78B}"
EndProject
Project("{9A19103F-16F7-4668-BE54-9A1E7A4F7556}") = "TrackTheGains.WebAPI.Tests.Integration", "tests\TrackTheGains.WebAPI.Tests.Integration\TrackTheGains.WebAPI.Tests.Integration.csproj", "{A4641F50-DBEE-4A2B-BBD9-C42CDEA033CE}"
EndProject
Project("{2150E333-8FDC-42A3-9474-1A3956D46DE8}") = "src", "src", "{939471A5-EC8E-4FA2-B429-570E19DE57D2}"
EndProject
Project("{FAE04EC0-301F-11D3-BF4B-00C04F79EFBC}") = "TrackTheGains.WebApi", "src\TrackTheGains.WebApi\TrackTheGains.WebApi.csproj", "{9207C2F6-65F4-4106-BADC-E42771C79B2F}"
EndProject
Global
	GlobalSection(SolutionConfigurationPlatforms) = preSolution
		Debug|Any CPU = Debug|Any CPU
		Release|Any CPU = Release|Any CPU
	EndGlobalSection
	GlobalSection(ProjectConfigurationPlatforms) = postSolution
		{81ED5F60-5C64-45CB-96C1-6889F806B31B}.Debug|Any CPU.ActiveCfg = Debug|Any CPU
		{81ED5F60-5C64-45CB-96C1-6889F806B31B}.Debug|Any CPU.Build.0 = Debug|Any CPU
		{81ED5F60-5C64-45CB-96C1-6889F806B31B}.Release|Any CPU.ActiveCfg = Release|Any CPU
		{81ED5F60-5C64-45CB-96C1-6889F806B31B}.Release|Any CPU.Build.0 = Release|Any CPU
		{39DEF85D-040F-4196-BBDC-9135EEB6B64B}.Debug|Any CPU.ActiveCfg = Debug|Any CPU
		{39DEF85D-040F-4196-BBDC-9135EEB6B64B}.Debug|Any CPU.Build.0 = Debug|Any CPU
		{39DEF85D-040F-4196-BBDC-9135EEB6B64B}.Release|Any CPU.ActiveCfg = Release|Any CPU
		{39DEF85D-040F-4196-BBDC-9135EEB6B64B}.Release|Any CPU.Build.0 = Release|Any CPU
		{0BC7EF10-7398-4DAC-9B3A-B45892210EB5}.Debug|Any CPU.ActiveCfg = Debug|Any CPU
		{0BC7EF10-7398-4DAC-9B3A-B45892210EB5}.Debug|Any CPU.Build.0 = Debug|Any CPU
		{0BC7EF10-7398-4DAC-9B3A-B45892210EB5}.Release|Any CPU.ActiveCfg = Release|Any CPU
		{0BC7EF10-7398-4DAC-9B3A-B45892210EB5}.Release|Any CPU.Build.0 = Release|Any CPU
		{A4641F50-DBEE-4A2B-BBD9-C42CDEA033CE}.Debug|Any CPU.ActiveCfg = Debug|Any CPU
		{A4641F50-DBEE-4A2B-BBD9-C42CDEA033CE}.Debug|Any CPU.Build.0 = Debug|Any CPU
		{A4641F50-DBEE-4A2B-BBD9-C42CDEA033CE}.Release|Any CPU.ActiveCfg = Release|Any CPU
		{A4641F50-DBEE-4A2B-BBD9-C42CDEA033CE}.Release|Any CPU.Build.0 = Release|Any CPU
		{9207C2F6-65F4-4106-BADC-E42771C79B2F}.Debug|Any CPU.ActiveCfg = Debug|Any CPU
		{9207C2F6-65F4-4106-BADC-E42771C79B2F}.Debug|Any CPU.Build.0 = Debug|Any CPU
		{9207C2F6-65F4-4106-BADC-E42771C79B2F}.Release|Any CPU.ActiveCfg = Release|Any CPU
		{9207C2F6-65F4-4106-BADC-E42771C79B2F}.Release|Any CPU.Build.0 = Release|Any CPU
	EndGlobalSection
	GlobalSection(SolutionProperties) = preSolution
		HideSolutionNode = FALSE
	EndGlobalSection
	GlobalSection(NestedProjects) = preSolution
		{A4641F50-DBEE-4A2B-BBD9-C42CDEA033CE} = {B69034E2-CBC7-4659-B588-2A276F3AE78B}
		{9207C2F6-65F4-4106-BADC-E42771C79B2F} = {939471A5-EC8E-4FA2-B429-570E19DE57D2}
	EndGlobalSection
	GlobalSection(ExtensibilityGlobals) = postSolution
		SolutionGuid = {6831D67B-4377-4840-B252-E7AAA76ABAA3}
	EndGlobalSection
EndGlobal
